
Microsoft Visual Studio Solution File, Format Version 12.00
# Visual Studio Version 17
VisualStudioVersion = 17.2.32526.322
MinimumVisualStudioVersion = 10.0.40219.1
Project("{FAE04EC0-301F-11D3-BF4B-00C04F79EFBC}") = "EngieChallange", "EngieChallange\EngieChallange.csproj", "{C420A2B4-1234-44EC-93CD-55DA177D0B19}"
EndProject
Global
	GlobalSection(SolutionConfigurationPlatforms) = preSolution
		Debug|Any CPU = Debug|Any CPU
		Release|Any CPU = Release|Any CPU
	EndGlobalSection
	GlobalSection(ProjectConfigurationPlatforms) = postSolution
		{C420A2B4-1234-44EC-93CD-55DA177D0B19}.Debug|Any CPU.ActiveCfg = Debug|Any CPU
		{C420A2B4-1234-44EC-93CD-55DA177D0B19}.Debug|Any CPU.Build.0 = Debug|Any CPU
		{C420A2B4-1234-44EC-93CD-55DA177D0B19}.Release|Any CPU.ActiveCfg = Release|Any CPU
		{C420A2B4-1234-44EC-93CD-55DA177D0B19}.Release|Any CPU.Build.0 = Release|Any CPU
	EndGlobalSection
	GlobalSection(SolutionProperties) = preSolution
		HideSolutionNode = FALSE
	EndGlobalSection
	GlobalSection(ExtensibilityGlobals) = postSolution
		SolutionGuid = {5A48FF8B-328A-42AC-9EDF-E73C83417A7A}
	EndGlobalSection
EndGlobal
